lockfileVersion: '6.0'

settings:
  autoInstallPeers: true
  excludeLinksFromLockfile: false

dependencies:
  '@fontsource-variable/noto-serif-hebrew':
    specifier: ^5.0.8
    version: 5.0.8

packages:

  /@fontsource-variable/noto-serif-hebrew@5.0.8:
    resolution: {integrity: sha512-NMm5KpSIJ3NT5DwlZMzS9ALxdcGJtbFb7Bb/jJSq+Rn2ZDRqR3+mVeEFtnjUup/VKbZtSyU7UfwYjN2TABQbkA==}
    dev: false
