lockfileVersion: 5.4

specifiers:
  '@fontsource/noto-serif-hebrew': ^4.5.9

dependencies:
  '@fontsource/noto-serif-hebrew': 4.5.9

packages:

  /@fontsource/noto-serif-hebrew/4.5.9:
    resolution: {integrity: sha512-QHjDCXLhP9md8gZcX7yH9JV+RJTkxVNw18SaQ1/6G84SoAt+enNcyDoThsuZ3/49x+N4u8L9KKICipsFJIf7Hw==}
    dev: false
